
Microsoft Visual Studio Solution File, Format Version 12.00
# Visual Studio 15
Project("{FAE04EC0-301F-11D3-BF4B-00C04F79EFBC}") = "Assembly-CSharp", "Assembly-CSharp.csproj", "{3A806BA5-91CE-7F3B-96CB-710D4A287762}"
EndProject
Project("{FAE04EC0-301F-11D3-BF4B-00C04F79EFBC}") = "Assembly-CSharp-Editor", "Assembly-CSharp-Editor.csproj", "{32E03886-CB2D-9AD2-F2C5-350D25528CB1}"
EndProject
Global
	GlobalSection(SolutionConfigurationPlatforms) = preSolution
		Debug|Any CPU = Debug|Any CPU
		Release|Any CPU = Release|Any CPU
	EndGlobalSection
	GlobalSection(ProjectConfigurationPlatforms) = postSolution
		{3A806BA5-91CE-7F3B-96CB-710D4A287762}.Debug|Any CPU.ActiveCfg = Debug|Any CPU
		{3A806BA5-91CE-7F3B-96CB-710D4A287762}.Debug|Any CPU.Build.0 = Debug|Any CPU
		{3A806BA5-91CE-7F3B-96CB-710D4A287762}.Release|Any CPU.ActiveCfg = Release|Any CPU
		{3A806BA5-91CE-7F3B-96CB-710D4A287762}.Release|Any CPU.Build.0 = Release|Any CPU
		{32E03886-CB2D-9AD2-F2C5-350D25528CB1}.Debug|Any CPU.ActiveCfg = Debug|Any CPU
		{32E03886-CB2D-9AD2-F2C5-350D25528CB1}.Debug|Any CPU.Build.0 = Debug|Any CPU
		{32E03886-CB2D-9AD2-F2C5-350D25528CB1}.Release|Any CPU.ActiveCfg = Release|Any CPU
		{32E03886-CB2D-9AD2-F2C5-350D25528CB1}.Release|Any CPU.Build.0 = Release|Any CPU
	EndGlobalSection
	GlobalSection(SolutionProperties) = preSolution
		HideSolutionNode = FALSE
	EndGlobalSection
EndGlobal
